// !$*UTF8*$!
{
	archiveVersion = 1;
	classes = {
	};
	objectVersion = 48;
	objects = {

/* Begin PBXBuildFile section */
		32882BF31FD9AECF0010EB3E /* AppDelegate.swift in Sources */ = {isa = PBXBuildFile; fileRef = 32882BF21FD9AECF0010EB3E /* AppDelegate.swift */; };
		32882BF51FD9AECF0010EB3E /* HomeViewController.swift in Sources */ = {isa = PBXBuildFile; fileRef = 32882BF41FD9AECF0010EB3E /* HomeViewController.swift */; };
		32882BF81FD9AECF0010EB3E /* Main.storyboard in Resources */ = {isa = PBXBuildFile; fileRef = 32882BF61FD9AECF0010EB3E /* Main.storyboard */; };
		32882BFA1FD9AECF0010EB3E /* Assets.xcassets in Resources */ = {isa = PBXBuildFile; fileRef = 32882BF91FD9AECF0010EB3E /* Assets.xcassets */; };
		32882BFD1FD9AECF0010EB3E /* LaunchScreen.storyboard in Resources */ = {isa = PBXBuildFile; fileRef = 32882BFB1FD9AECF0010EB3E /* LaunchScreen.storyboard */; };
		32882C071FD9B0B90010EB3E /* CloudKit.framework in Frameworks */ = {isa = PBXBuildFile; fileRef = 32882C061FD9B0B80010EB3E /* CloudKit.framework */; };
		32882C0C1FD9B4E10010EB3E /* InfoMenuViewController.swift in Sources */ = {isa = PBXBuildFile; fileRef = 32882C0B1FD9B4E10010EB3E /* InfoMenuViewController.swift */; };
/* End PBXBuildFile section */

/* Begin PBXFileReference section */
		32882BEF1FD9AECF0010EB3E /* Tourist Information.app */ = {isa = PBXFileReference; explicitFileType = wrapper.application; includeInIndex = 0; path = "Tourist Information.app"; sourceTree = BUILT_PRODUCTS_DIR; };
		32882BF21FD9AECF0010EB3E /* AppDelegate.swift */ = {isa = PBXFileReference; lastKnownFileType = sourcecode.swift; path = AppDelegate.swift; sourceTree = "<group>"; };
		32882BF41FD9AECF0010EB3E /* HomeViewController.swift */ = {isa = PBXFileReference; lastKnownFileType = sourcecode.swift; path = HomeViewController.swift; sourceTree = "<group>"; };
		32882BF71FD9AECF0010EB3E /* Base */ = {isa = PBXFileReference; lastKnownFileType = file.storyboard; name = Base; path = Base.lproj/Main.storyboard; sourceTree = "<group>"; };
		32882BF91FD9AECF0010EB3E /* Assets.xcassets */ = {isa = PBXFileReference; lastKnownFileType = folder.assetcatalog; path = Assets.xcassets; sourceTree = "<group>"; };
		32882BFC1FD9AECF0010EB3E /* Base */ = {isa = PBXFileReference; lastKnownFileType = file.storyboard; name = Base; path = Base.lproj/LaunchScreen.storyboard; sourceTree = "<group>"; };
		32882BFE1FD9AECF0010EB3E /* Info.plist */ = {isa = PBXFileReference; lastKnownFileType = text.plist.xml; path = Info.plist; sourceTree = "<group>"; };
		32882C041FD9B0B50010EB3E /* Tourist Information.entitlements */ = {isa = PBXFileReference; lastKnownFileType = text.plist.entitlements; path = "Tourist Information.entitlements"; sourceTree = "<group>"; };
		32882C061FD9B0B80010EB3E /* CloudKit.framework */ = {isa = PBXFileReference; lastKnownFileType = wrapper.framework; name = CloudKit.framework; path = System/Library/Frameworks/CloudKit.framework; sourceTree = SDKROOT; };
		32882C0B1FD9B4E10010EB3E /* InfoMenuViewController.swift */ = {isa = PBXFileReference; lastKnownFileType = sourcecode.swift; path = InfoMenuViewController.swift; sourceTree = "<group>"; };
/* End PBXFileReference section */

/* Begin PBXFrameworksBuildPhase section */
		32882BEC1FD9AECF0010EB3E /* Frameworks */ = {
			isa = PBXFrameworksBuildPhase;
			buildActionMask = 2147483647;
			files = (
				32882C071FD9B0B90010EB3E /* CloudKit.framework in Frameworks */,
			);
			runOnlyForDeploymentPostprocessing = 0;
		};
/* End PBXFrameworksBuildPhase section */

/* Begin PBXGroup section */
		32882BE61FD9AECF0010EB3E = {
			isa = PBXGroup;
			children = (
				32882BF11FD9AECF0010EB3E /* Tourist Information */,
				32882BF01FD9AECF0010EB3E /* Products */,
				32882C051FD9B0B80010EB3E /* Frameworks */,
			);
			sourceTree = "<group>";
		};
		32882BF01FD9AECF0010EB3E /* Products */ = {
			isa = PBXGroup;
			children = (
				32882BEF1FD9AECF0010EB3E /* Tourist Information.app */,
			);
			name = Products;
			sourceTree = "<group>";
		};
		32882BF11FD9AECF0010EB3E /* Tourist Information */ = {
			isa = PBXGroup;
			children = (
				32882C081FD9B0E70010EB3E /* Model */,
				32882C091FD9B0ED0010EB3E /* View */,
				32882C0A1FD9B0F10010EB3E /* Controller */,
				32882BF21FD9AECF0010EB3E /* AppDelegate.swift */,
				32882BF91FD9AECF0010EB3E /* Assets.xcassets */,
				32882BFB1FD9AECF0010EB3E /* LaunchScreen.storyboard */,
				32882BFE1FD9AECF0010EB3E /* Info.plist */,
				32882C041FD9B0B50010EB3E /* Tourist Information.entitlements */,
			);
			path = "Tourist Information";
			sourceTree = "<group>";
		};
		32882C051FD9B0B80010EB3E /* Frameworks */ = {
			isa = PBXGroup;
			children = (
				32882C061FD9B0B80010EB3E /* CloudKit.framework */,
			);
			name = Frameworks;
			sourceTree = "<group>";
		};
		32882C081FD9B0E70010EB3E /* Model */ = {
			isa = PBXGroup;
			children = (
			);
			path = Model;
			sourceTree = "<group>";
		};
		32882C091FD9B0ED0010EB3E /* View */ = {
			isa = PBXGroup;
			children = (
				32882BF61FD9AECF0010EB3E /* Main.storyboard */,
			);
			path = View;
			sourceTree = "<group>";
		};
		32882C0A1FD9B0F10010EB3E /* Controller */ = {
			isa = PBXGroup;
			children = (
				32882BF41FD9AECF0010EB3E /* HomeViewController.swift */,
				32882C0B1FD9B4E10010EB3E /* InfoMenuViewController.swift */,
			);
			path = Controller;
			sourceTree = "<group>";
		};
/* End PBXGroup section */

/* Begin PBXNativeTarget section */
		32882BEE1FD9AECF0010EB3E /* Tourist Information */ = {
			isa = PBXNativeTarget;
			buildConfigurationList = 32882C011FD9AECF0010EB3E /* Build configuration list for PBXNativeTarget "Tourist Information" */;
			buildPhases = (
				32882BEB1FD9AECF0010EB3E /* Sources */,
				32882BEC1FD9AECF0010EB3E /* Frameworks */,
				32882BED1FD9AECF0010EB3E /* Resources */,
			);
			buildRules = (
			);
			dependencies = (
			);
			name = "Tourist Information";
			productName = "Tourist Information";
			productReference = 32882BEF1FD9AECF0010EB3E /* Tourist Information.app */;
			productType = "com.apple.product-type.application";
		};
/* End PBXNativeTarget section */

/* Begin PBXProject section */
		32882BE71FD9AECF0010EB3E /* Project object */ = {
			isa = PBXProject;
			attributes = {
				LastSwiftUpdateCheck = 0900;
				LastUpgradeCheck = 0900;
				ORGANIZATIONNAME = "Daniel Travers";
				TargetAttributes = {
					32882BEE1FD9AECF0010EB3E = {
						CreatedOnToolsVersion = 9.0;
						ProvisioningStyle = Automatic;
						SystemCapabilities = {
							com.apple.Push = {
								enabled = 1;
							};
							com.apple.iCloud = {
								enabled = 1;
							};
						};
					};
				};
			};
			buildConfigurationList = 32882BEA1FD9AECF0010EB3E /* Build configuration list for PBXProject "Tourist Information" */;
			compatibilityVersion = "Xcode 8.0";
			developmentRegion = en;
			hasScannedForEncodings = 0;
			knownRegions = (
				en,
				Base,
			);
			mainGroup = 32882BE61FD9AECF0010EB3E;
			productRefGroup = 32882BF01FD9AECF0010EB3E /* Products */;
			projectDirPath = "";
			projectRoot = "";
			targets = (
				32882BEE1FD9AECF0010EB3E /* Tourist Information */,
			);
		};
/* End PBXProject section */

/* Begin PBXResourcesBuildPhase section */
		32882BED1FD9AECF0010EB3E /* Resources */ = {
			isa = PBXResourcesBuildPhase;
			buildActionMask = 2147483647;
			files = (
				32882BFD1FD9AECF0010EB3E /* LaunchScreen.storyboard in Resources */,
				32882BFA1FD9AECF0010EB3E /* Assets.xcassets in Resources */,
				32882BF81FD9AECF0010EB3E /* Main.storyboard in Resources */,
			);
			runOnlyForDeploymentPostprocessing = 0;
		};
/* End PBXResourcesBuildPhase section */

/* Begin PBXSourcesBuildPhase section */
		32882BEB1FD9AECF0010EB3E /* Sources */ = {
			isa = PBXSourcesBuildPhase;
			buildActionMask = 2147483647;
			files = (
				32882BF51FD9AECF0010EB3E /* HomeViewController.swift in Sources */,
				32882BF31FD9AECF0010EB3E /* AppDelegate.swift in Sources */,
				32882C0C1FD9B4E10010EB3E /* InfoMenuViewController.swift in Sources */,
			);
			runOnlyForDeploymentPostprocessing = 0;
		};
/* End PBXSourcesBuildPhase section */

/* Begin PBXVariantGroup section */
		32882BF61FD9AECF0010EB3E /* Main.storyboard */ = {
			isa = PBXVariantGroup;
			children = (
				32882BF71FD9AECF0010EB3E /* Base */,
			);
			name = Main.storyboard;
			sourceTree = "<group>";
		};
		32882BFB1FD9AECF0010EB3E /* LaunchScreen.storyboard */ = {
			isa = PBXVariantGroup;
			children = (
				32882BFC1FD9AECF0010EB3E /* Base */,
			);
			name = LaunchScreen.storyboard;
			sourceTree = "<group>";
		};
/* End PBXVariantGroup section */

/* Begin XCBuildConfiguration section */
		32882BFF1FD9AECF0010EB3E /* Debug */ = {
			isa = XCBuildConfiguration;
			buildSettings = {
				ALWAYS_SEARCH_USER_PATHS = NO;
				CLANG_ANALYZER_NONNULL = YES;
				CLANG_ANALYZER_NUMBER_OBJECT_CONVERSION = YES_AGGRESSIVE;
				CLANG_CXX_LANGUAGE_STANDARD = "gnu++14";
				CLANG_CXX_LIBRARY = "libc++";
				CLANG_ENABLE_MODULES = YES;
				CLANG_ENABLE_OBJC_ARC = YES;
				CLANG_WARN_BLOCK_CAPTURE_AUTORELEASING = YES;
				CLANG_WARN_BOOL_CONVERSION = YES;
				CLANG_WARN_COMMA = YES;
				CLANG_WARN_CONSTANT_CONVERSION = YES;
				CLANG_WARN_DIRECT_OBJC_ISA_USAGE = YES_ERROR;
				CLANG_WARN_DOCUMENTATION_COMMENTS = YES;
				CLANG_WARN_EMPTY_BODY = YES;
				CLANG_WARN_ENUM_CONVERSION = YES;
				CLANG_WARN_INFINITE_RECURSION = YES;
				CLANG_WARN_INT_CONVERSION = YES;
				CLANG_WARN_NON_LITERAL_NULL_CONVERSION = YES;
				CLANG_WARN_OBJC_LITERAL_CONVERSION = YES;
				CLANG_WARN_OBJC_ROOT_CLASS = YES_ERROR;
				CLANG_WARN_RANGE_LOOP_ANALYSIS = YES;
				CLANG_WARN_STRICT_PROTOTYPES = YES;
				CLANG_WARN_SUSPICIOUS_MOVE = YES;
				CLANG_WARN_UNGUARDED_AVAILABILITY = YES_AGGRESSIVE;
				CLANG_WARN_UNREACHABLE_CODE = YES;
				CLANG_WARN__DUPLICATE_METHOD_MATCH = YES;
				CODE_SIGN_IDENTITY = "iPhone Developer";
				COPY_PHASE_STRIP = NO;
				DEBUG_INFORMATION_FORMAT = dwarf;
				ENABLE_STRICT_OBJC_MSGSEND = YES;
				ENABLE_TESTABILITY = YES;
				GCC_C_LANGUAGE_STANDARD = gnu11;
				GCC_DYNAMIC_NO_PIC = NO;
				GCC_NO_COMMON_BLOCKS = YES;
				GCC_OPTIMIZATION_LEVEL = 0;
				GCC_PREPROCESSOR_DEFINITIONS = (
					"DEBUG=1",
					"$(inherited)",
				);
				GCC_WARN_64_TO_32_BIT_CONVERSION = YES;
				GCC_WARN_ABOUT_RETURN_TYPE = YES_ERROR;
				GCC_WARN_UNDECLARED_SELECTOR = YES;
				GCC_WARN_UNINITIALIZED_AUTOS = YES_AGGRESSIVE;
				GCC_WARN_UNUSED_FUNCTION = YES;
				GCC_WARN_UNUSED_VARIABLE = YES;
				IPHONEOS_DEPLOYMENT_TARGET = 11.0;
				MTL_ENABLE_DEBUG_INFO = YES;
				ONLY_ACTIVE_ARCH = YES;
				SDKROOT = iphoneos;
				SWIFT_ACTIVE_COMPILATION_CONDITIONS = DEBUG;
				SWIFT_OPTIMIZATION_LEVEL = "-Onone";
			};
			name = Debug;
		};
		32882C001FD9AECF0010EB3E /* Release */ = {
			isa = XCBuildConfiguration;
			buildSettings = {
				ALWAYS_SEARCH_USER_PATHS = NO;
				CLANG_ANALYZER_NONNULL = YES;
				CLANG_ANALYZER_NUMBER_OBJECT_CONVERSION = YES_AGGRESSIVE;
				CLANG_CXX_LANGUAGE_STANDARD = "gnu++14";
				CLANG_CXX_LIBRARY = "libc++";
				CLANG_ENABLE_MODULES = YES;
				CLANG_ENABLE_OBJC_ARC = YES;
				CLANG_WARN_BLOCK_CAPTURE_AUTORELEASING = YES;
				CLANG_WARN_BOOL_CONVERSION = YES;
				CLANG_WARN_COMMA = YES;
				CLANG_WARN_CONSTANT_CONVERSION = YES;
				CLANG_WARN_DIRECT_OBJC_ISA_USAGE = YES_ERROR;
				CLANG_WARN_DOCUMENTATION_COMMENTS = YES;
				CLANG_WARN_EMPTY_BODY = YES;
				CLANG_WARN_ENUM_CONVERSION = YES;
				CLANG_WARN_INFINITE_RECURSION = YES;
				CLANG_WARN_INT_CONVERSION = YES;
				CLANG_WARN_NON_LITERAL_NULL_CONVERSION = YES;
				CLANG_WARN_OBJC_LITERAL_CONVERSION = YES;
				CLANG_WARN_OBJC_ROOT_CLASS = YES_ERROR;
				CLANG_WARN_RANGE_LOOP_ANALYSIS = YES;
				CLANG_WARN_STRICT_PROTOTYPES = YES;
				CLANG_WARN_SUSPICIOUS_MOVE = YES;
				CLANG_WARN_UNGUARDED_AVAILABILITY = YES_AGGRESSIVE;
				CLANG_WARN_UNREACHABLE_CODE = YES;
				CLANG_WARN__DUPLICATE_METHOD_MATCH = YES;
				CODE_SIGN_IDENTITY = "iPhone Developer";
				COPY_PHASE_STRIP = NO;
				DEBUG_INFORMATION_FORMAT = "dwarf-with-dsym";
				ENABLE_NS_ASSERTIONS = NO;
				ENABLE_STRICT_OBJC_MSGSEND = YES;
				GCC_C_LANGUAGE_STANDARD = gnu11;
				GCC_NO_COMMON_BLOCKS = YES;
				GCC_WARN_64_TO_32_BIT_CONVERSION = YES;
				GCC_WARN_ABOUT_RETURN_TYPE = YES_ERROR;
				GCC_WARN_UNDECLARED_SELECTOR = YES;
				GCC_WARN_UNINITIALIZED_AUTOS = YES_AGGRESSIVE;
				GCC_WARN_UNUSED_FUNCTION = YES;
				GCC_WARN_UNUSED_VARIABLE = YES;
				IPHONEOS_DEPLOYMENT_TARGET = 11.0;
				MTL_ENABLE_DEBUG_INFO = NO;
				SDKROOT = iphoneos;
				SWIFT_OPTIMIZATION_LEVEL = "-Owholemodule";
				VALIDATE_PRODUCT = YES;
			};
			name = Release;
		};
		32882C021FD9AECF0010EB3E /* Debug */ = {
			isa = XCBuildConfiguration;
			buildSettings = {
				ASSETCATALOG_COMPILER_APPICON_NAME = AppIcon;
				CODE_SIGN_ENTITLEMENTS = "Tourist Information/Tourist Information.entitlements";
				CODE_SIGN_STYLE = Automatic;
				DEVELOPMENT_TEAM = QMGQR99D5K;
				INFOPLIST_FILE = "Tourist Information/Info.plist";
				IPHONEOS_DEPLOYMENT_TARGET = 11.0;
				LD_RUNPATH_SEARCH_PATHS = "$(inherited) @executable_path/Frameworks";
				PRODUCT_BUNDLE_IDENTIFIER = "com.DanielJacob.Tourist-Information";
				PRODUCT_NAME = "$(TARGET_NAME)";
				SWIFT_VERSION = 4.0;
				TARGETED_DEVICE_FAMILY = 1;
			};
			name = Debug;
		};
		32882C031FD9AECF0010EB3E /* Release */ = {
			isa = XCBuildConfiguration;
			buildSettings = {
				ASSETCATALOG_COMPILER_APPICON_NAME = AppIcon;
				CODE_SIGN_ENTITLEMENTS = "Tourist Information/Tourist Information.entitlements";
				CODE_SIGN_STYLE = Automatic;
				DEVELOPMENT_TEAM = QMGQR99D5K;
				INFOPLIST_FILE = "Tourist Information/Info.plist";
				IPHONEOS_DEPLOYMENT_TARGET = 11.0;
				LD_RUNPATH_SEARCH_PATHS = "$(inherited) @executable_path/Frameworks";
				PRODUCT_BUNDLE_IDENTIFIER = "com.DanielJacob.Tourist-Information";
				PRODUCT_NAME = "$(TARGET_NAME)";
				SWIFT_VERSION = 4.0;
				TARGETED_DEVICE_FAMILY = 1;
			};
			name = Release;
		};
/* End XCBuildConfiguration section */

/* Begin XCConfigurationList section */
		32882BEA1FD9AECF0010EB3E /* Build configuration list for PBXProject "Tourist Information" */ = {
			isa = XCConfigurationList;
			buildConfigurations = (
				32882BFF1FD9AECF0010EB3E /* Debug */,
				32882C001FD9AECF0010EB3E /* Release */,
			);
			defaultConfigurationIsVisible = 0;
			defaultConfigurationName = Release;
		};
		32882C011FD9AECF0010EB3E /* Build configuration list for PBXNativeTarget "Tourist Information" */ = {
			isa = XCConfigurationList;
			buildConfigurations = (
				32882C021FD9AECF0010EB3E /* Debug */,
				32882C031FD9AECF0010EB3E /* Release */,
			);
			defaultConfigurationIsVisible = 0;
			defaultConfigurationName = Release;
		};
/* End XCConfigurationList section */
	};
	rootObject = 32882BE71FD9AECF0010EB3E /* Project object */;
}
